
Microsoft Visual Studio Solution File, Format Version 12.00
# Visual Studio Version 17
VisualStudioVersion = 17.6.33815.320
MinimumVisualStudioVersion = 10.0.40219.1
Project("{FAE04EC0-301F-11D3-BF4B-00C04F79EFBC}") = "InventoryDashboard.Api", "InventoryDashboard.Api\InventoryDashboard.Api.csproj", "{ABCAF780-1FA2-4AE7-AD64-71E6ECEEA107}"
EndProject
Global
	GlobalSection(SolutionConfigurationPlatforms) = preSolution
		Debug|Any CPU = Debug|Any CPU
		Release|Any CPU = Release|Any CPU
	EndGlobalSection
	GlobalSection(ProjectConfigurationPlatforms) = postSolution
		{ABCAF780-1FA2-4AE7-AD64-71E6ECEEA107}.Debug|Any CPU.ActiveCfg = Debug|Any CPU
		{ABCAF780-1FA2-4AE7-AD64-71E6ECEEA107}.Debug|Any CPU.Build.0 = Debug|Any CPU
		{ABCAF780-1FA2-4AE7-AD64-71E6ECEEA107}.Release|Any CPU.ActiveCfg = Release|Any CPU
		{ABCAF780-1FA2-4AE7-AD64-71E6ECEEA107}.Release|Any CPU.Build.0 = Release|Any CPU
	EndGlobalSection
	GlobalSection(SolutionProperties) = preSolution
		HideSolutionNode = FALSE
	EndGlobalSection
	GlobalSection(ExtensibilityGlobals) = postSolution
		SolutionGuid = {641FAC0C-0607-436F-986C-2FDD0A02CF62}
	EndGlobalSection
EndGlobal
